
Microsoft Visual Studio Solution File, Format Version 12.00
Project("{FAE04EC0-301F-11D3-BF4B-00C04F79EFBC}") = "LeetCode", "LeetCode.csproj", "{953F1112-E675-4F52-95E4-0B051F053C50}"
EndProject
Project("{FAE04EC0-301F-11D3-BF4B-00C04F79EFBC}") = "LeetCodeTests", "LeetCodeTests\LeetCodeTests.csproj", "{777E566D-5851-4412-9820-2A3B145B87DE}"
EndProject
Global
	GlobalSection(SolutionConfigurationPlatforms) = preSolution
		Debug|Any CPU = Debug|Any CPU
		Release|Any CPU = Release|Any CPU
	EndGlobalSection
	GlobalSection(ProjectConfigurationPlatforms) = postSolution
		{953F1112-E675-4F52-95E4-0B051F053C50}.Debug|Any CPU.ActiveCfg = Debug|Any CPU
		{953F1112-E675-4F52-95E4-0B051F053C50}.Debug|Any CPU.Build.0 = Debug|Any CPU
		{953F1112-E675-4F52-95E4-0B051F053C50}.Release|Any CPU.ActiveCfg = Release|Any CPU
		{953F1112-E675-4F52-95E4-0B051F053C50}.Release|Any CPU.Build.0 = Release|Any CPU
		{777E566D-5851-4412-9820-2A3B145B87DE}.Debug|Any CPU.ActiveCfg = Debug|Any CPU
		{777E566D-5851-4412-9820-2A3B145B87DE}.Debug|Any CPU.Build.0 = Debug|Any CPU
		{777E566D-5851-4412-9820-2A3B145B87DE}.Release|Any CPU.ActiveCfg = Release|Any CPU
		{777E566D-5851-4412-9820-2A3B145B87DE}.Release|Any CPU.Build.0 = Release|Any CPU
	EndGlobalSection
EndGlobal
